lockfileVersion: '9.0'

settings:
  autoInstallPeers: true
  excludeLinksFromLockfile: false

importers:

  .:
    dependencies:
      '@ai-sdk/provider-utils':
        specifier: ^4.0.0
        version: 4.0.2(zod@4.3.4)
      ai:
        specifier: ^6.0.0
        version: 6.0.6(zod@4.3.4)
      zod:
        specifier: ^4.0.0
        version: 4.3.4
    devDependencies:
      '@types/node':
        specifier: ^22.0.0
        version: 22.19.3
      typescript:
        specifier: ^5.7.0
        version: 5.9.3

packages:

  '@ai-sdk/gateway@3.0.5':
    resolution: {integrity: sha512-AtxA1wcoKTHr9uFoC5KZEXqJP4SMW4j3VbcliUECUYssbWbePJ9+b3AaCny1lxf1xhDK9EIyAgBOKhXoQSr9nA==}
    engines: {node: '>=18'}
    peerDependencies:
      zod: ^3.25.76 || ^4.1.8

  '@ai-sdk/provider-utils@4.0.2':
    resolution: {integrity: sha512-KaykkuRBdF/ffpI5bwpL4aSCmO/99p8/ci+VeHwJO8tmvXtiVAb99QeyvvvXmL61e9Zrvv4GBGoajW19xdjkVQ==}
    engines: {node: '>=18'}
    peerDependencies:
      zod: ^3.25.76 || ^4.1.8

  '@ai-sdk/provider@3.0.1':
    resolution: {integrity: sha512-2lR4w7mr9XrydzxBSjir4N6YMGdXD+Np1Sh0RXABh7tWdNFFwIeRI1Q+SaYZMbfL8Pg8RRLcrxQm51yxTLhokg==}
    engines: {node: '>=18'}

  '@opentelemetry/api@1.9.0':
    resolution: {integrity: sha512-3giAOQvZiH5F9bMlMiv8+GSPMeqg0dbaeo58/0SlA9sxSqZhnUtxzX9/2FzyhS9sWQf5S0GJE0AKBrFqjpeYcg==}
    engines: {node: '>=8.0.0'}

  '@standard-schema/spec@1.1.0':
    resolution: {integrity: sha512-l2aFy5jALhniG5HgqrD6jXLi/rUWrKvqN/qJx6yoJsgKhblVd+iqqU4RCXavm/jPityDo5TCvKMnpjKnOriy0w==}

  '@types/node@22.19.3':
    resolution: {integrity: sha512-1N9SBnWYOJTrNZCdh/yJE+t910Y128BoyY+zBLWhL3r0TYzlTmFdXrPwHL9DyFZmlEXNQQolTZh3KHV31QDhyA==}

  '@vercel/oidc@3.0.5':
    resolution: {integrity: sha512-fnYhv671l+eTTp48gB4zEsTW/YtRgRPnkI2nT7x6qw5rkI1Lq2hTmQIpHPgyThI0znLK+vX2n9XxKdXZ7BUbbw==}
    engines: {node: '>= 20'}

  ai@6.0.6:
    resolution: {integrity: sha512-LM0eAMWVn3RTj+0X5O1m/8g+7QiTeWG5aN5FsDbdmCkAQHVg93XxLbljFOLzi0NMjuJgf7fKLKmWoPsrdMyqfw==}
    engines: {node: '>=18'}
    peerDependencies:
      zod: ^3.25.76 || ^4.1.8

  eventsource-parser@3.0.6:
    resolution: {integrity: sha512-Vo1ab+QXPzZ4tCa8SwIHJFaSzy4R6SHf7BY79rFBDf0idraZWAkYrDjDj8uWaSm3S2TK+hJ7/t1CEmZ7jXw+pg==}
    engines: {node: '>=18.0.0'}

  json-schema@0.4.0:
    resolution: {integrity: sha512-es94M3nTIfsEPisRafak+HDLfHXnKBhV3vU5eqPcS3flIWqcxJWgXHXiey3YrpaNsanY5ei1VoYEbOzijuq9BA==}

  typescript@5.9.3:
    resolution: {integrity: sha512-jl1vZzPDinLr9eUt3J/t7V6FgNEw9QjvBPdysz9KfQDD41fQrC2Y4vKQdiaUpFT4bXlb1RHhLpp8wtm6M5TgSw==}
    engines: {node: '>=14.17'}
    hasBin: true

  undici-types@6.21.0:
    resolution: {integrity: sha512-iwDZqg0QAGrg9Rav5H4n0M64c3mkR59cJ6wQp+7C4nI0gsmExaedaYLNO44eT4AtBBwjbTiGPMlt2Md0T9H9JQ==}

  zod@4.3.4:
    resolution: {integrity: sha512-Zw/uYiiyF6pUT1qmKbZziChgNPRu+ZRneAsMUDU6IwmXdWt5JwcUfy2bvLOCUtz5UniaN/Zx5aFttZYbYc7O/A==}

snapshots:

  '@ai-sdk/gateway@3.0.5(zod@4.3.4)':
    dependencies:
      '@ai-sdk/provider': 3.0.1
      '@ai-sdk/provider-utils': 4.0.2(zod@4.3.4)
      '@vercel/oidc': 3.0.5
      zod: 4.3.4

  '@ai-sdk/provider-utils@4.0.2(zod@4.3.4)':
    dependencies:
      '@ai-sdk/provider': 3.0.1
      '@standard-schema/spec': 1.1.0
      eventsource-parser: 3.0.6
      zod: 4.3.4

  '@ai-sdk/provider@3.0.1':
    dependencies:
      json-schema: 0.4.0

  '@opentelemetry/api@1.9.0': {}

  '@standard-schema/spec@1.1.0': {}

  '@types/node@22.19.3':
    dependencies:
      undici-types: 6.21.0

  '@vercel/oidc@3.0.5': {}

  ai@6.0.6(zod@4.3.4):
    dependencies:
      '@ai-sdk/gateway': 3.0.5(zod@4.3.4)
      '@ai-sdk/provider': 3.0.1
      '@ai-sdk/provider-utils': 4.0.2(zod@4.3.4)
      '@opentelemetry/api': 1.9.0
      zod: 4.3.4

  eventsource-parser@3.0.6: {}

  json-schema@0.4.0: {}

  typescript@5.9.3: {}

  undici-types@6.21.0: {}

  zod@4.3.4: {}
